// !$*UTF8*$!
{
	archiveVersion = 1;
	classes = {
	};
	objectVersion = 55;
	objects = {

/* Begin PBXBuildFile section */
		6CAD13DB2D8A84F5001126F0 /* SwiftAnthropic in Frameworks */ = {isa = PBXBuildFile; productRef = 6CAD13DA2D8A84F5001126F0 /* SwiftAnthropic */; };
		6CAD13E02D8ABF29001126F0 /* AnthropicAPI.swift in Sources */ = {isa = PBXBuildFile; fileRef = 6CAD13DF2D8ABF29001126F0 /* AnthropicAPI.swift */; };
		6CAD13E42D8AC74C001126F0 /* prompt.txt in Resources */ = {isa = PBXBuildFile; fileRef = 6CAD13E32D8AC74C001126F0 /* prompt.txt */; };
		8A1234561234567800000001 /* AppDelegate.swift in Sources */ = {isa = PBXBuildFile; fileRef = 8A1234561234567800000010 /* AppDelegate.swift */; };
		8A1234561234567800000002 /* ContentView.swift in Sources */ = {isa = PBXBuildFile; fileRef = 8A1234561234567800000011 /* ContentView.swift */; };
		8A1234561234567800000003 /* Assets.xcassets in Resources */ = {isa = PBXBuildFile; fileRef = 8A1234561234567800000012 /* Assets.xcassets */; };
		8A1234561234567800000004 /* ScreenshotManager.swift in Sources */ = {isa = PBXBuildFile; fileRef = 8A1234561234567800000013 /* ScreenshotManager.swift */; };
		8A1234561234567800000005 /* main.swift in Sources */ = {isa = PBXBuildFile; fileRef = 8A1234561234567800000014 /* main.swift */; };
/* End PBXBuildFile section */

/* Begin PBXFileReference section */
		6CAD13DC2D8AB3C1001126F0 /* prompt.txt */ = {isa = PBXFileReference; lastKnownFileType = text; path = prompt.txt; sourceTree = "<group>"; };
		6CAD13DE2D8AB90C001126F0 /* SophosScreenshot.entitlements */ = {isa = PBXFileReference; lastKnownFileType = text.plist.entitlements; path = SophosScreenshot.entitlements; sourceTree = "<group>"; };
		6CAD13DF2D8ABF29001126F0 /* AnthropicAPI.swift */ = {isa = PBXFileReference; lastKnownFileType = sourcecode.swift; path = AnthropicAPI.swift; sourceTree = "<group>"; };
		6CAD13E32D8AC74C001126F0 /* prompt.txt */ = {isa = PBXFileReference; lastKnownFileType = text; path = prompt.txt; sourceTree = "<group>"; };
		8A1234561234567800000009 /* SophosScreenshot.app */ = {isa = PBXFileReference; explicitFileType = wrapper.application; includeInIndex = 0; path = SophosScreenshot.app; sourceTree = BUILT_PRODUCTS_DIR; };
		8A1234561234567800000010 /* AppDelegate.swift */ = {isa = PBXFileReference; lastKnownFileType = sourcecode.swift; path = AppDelegate.swift; sourceTree = "<group>"; };
		8A1234561234567800000011 /* ContentView.swift */ = {isa = PBXFileReference; lastKnownFileType = sourcecode.swift; path = ContentView.swift; sourceTree = "<group>"; };
		8A1234561234567800000012 /* Assets.xcassets */ = {isa = PBXFileReference; lastKnownFileType = folder.assetcatalog; path = Assets.xcassets; sourceTree = "<group>"; };
		8A1234561234567800000013 /* ScreenshotManager.swift */ = {isa = PBXFileReference; lastKnownFileType = sourcecode.swift; path = ScreenshotManager.swift; sourceTree = "<group>"; };
		8A1234561234567800000014 /* main.swift */ = {isa = PBXFileReference; lastKnownFileType = sourcecode.swift; path = main.swift; sourceTree = "<group>"; };
		8A1234561234567800000015 /* Info.plist */ = {isa = PBXFileReference; lastKnownFileType = text.plist.xml; path = Info.plist; sourceTree = "<group>"; };
/* End PBXFileReference section */

/* Begin PBXFrameworksBuildPhase section */
		8A1234561234567800000006 /* Frameworks */ = {
			isa = PBXFrameworksBuildPhase;
			buildActionMask = 2147483647;
			files = (
				6CAD13DB2D8A84F5001126F0 /* SwiftAnthropic in Frameworks */,
			);
			runOnlyForDeploymentPostprocessing = 0;
		};
/* End PBXFrameworksBuildPhase section */

/* Begin PBXGroup section */
		8A1234561234567800000007 = {
			isa = PBXGroup;
			children = (
				6CAD13DC2D8AB3C1001126F0 /* prompt.txt */,
				8A1234561234567800000008 /* SophosScreenshot */,
				8A1234561234567800000019 /* Products */,
			);
			sourceTree = "<group>";
		};
		8A1234561234567800000008 /* SophosScreenshot */ = {
			isa = PBXGroup;
			children = (
				6CAD13E32D8AC74C001126F0 /* prompt.txt */,
				6CAD13DF2D8ABF29001126F0 /* AnthropicAPI.swift */,
				6CAD13DE2D8AB90C001126F0 /* SophosScreenshot.entitlements */,
				8A1234561234567800000010 /* AppDelegate.swift */,
				8A1234561234567800000011 /* ContentView.swift */,
				8A1234561234567800000013 /* ScreenshotManager.swift */,
				8A1234561234567800000014 /* main.swift */,
				8A1234561234567800000012 /* Assets.xcassets */,
				8A1234561234567800000015 /* Info.plist */,
			);
			path = SophosScreenshot;
			sourceTree = "<group>";
		};
		8A1234561234567800000019 /* Products */ = {
			isa = PBXGroup;
			children = (
				8A1234561234567800000009 /* SophosScreenshot.app */,
			);
			name = Products;
			sourceTree = "<group>";
		};
/* End PBXGroup section */

/* Begin PBXNativeTarget section */
		8A1234561234567800000021 /* SophosScreenshot */ = {
			isa = PBXNativeTarget;
			buildConfigurationList = 8A1234561234567800000022 /* Build configuration list for PBXNativeTarget "SophosScreenshot" */;
			buildPhases = (
				8A1234561234567800000006 /* Frameworks */,
				8A1234561234567800000023 /* Sources */,
				8A1234561234567800000024 /* Resources */,
			);
			buildRules = (
			);
			dependencies = (
			);
			name = SophosScreenshot;
			productName = SophosScreenshot;
			productReference = 8A1234561234567800000009 /* SophosScreenshot.app */;
			productType = "com.apple.product-type.application";
		};
/* End PBXNativeTarget section */

/* Begin PBXProject section */
		8A1234561234567800000025 /* Project object */ = {
			isa = PBXProject;
			attributes = {
				LastSwiftUpdateCheck = 1300;
				LastUpgradeCheck = 1300;
				TargetAttributes = {
					8A1234561234567800000021 = {
						CreatedOnToolsVersion = 13.0;
					};
				};
			};
			buildConfigurationList = 8A1234561234567800000026 /* Build configuration list for PBXProject "SophosScreenshot" */;
			compatibilityVersion = "Xcode 13.0";
			developmentRegion = en;
			hasScannedForEncodings = 0;
			knownRegions = (
				en,
				Base,
			);
			mainGroup = 8A1234561234567800000007;
			packageReferences = (
				6CAD13D92D8A84F5001126F0 /* XCRemoteSwiftPackageReference "SwiftAnthropic" */,
			);
			productRefGroup = 8A1234561234567800000019 /* Products */;
			projectDirPath = "";
			projectRoot = "";
			targets = (
				8A1234561234567800000021 /* SophosScreenshot */,
			);
		};
/* End PBXProject section */

/* Begin PBXResourcesBuildPhase section */
		8A1234561234567800000024 /* Resources */ = {
			isa = PBXResourcesBuildPhase;
			buildActionMask = 2147483647;
			files = (
				6CAD13E42D8AC74C001126F0 /* prompt.txt in Resources */,
				8A1234561234567800000003 /* Assets.xcassets in Resources */,
			);
			runOnlyForDeploymentPostprocessing = 0;
		};
/* End PBXResourcesBuildPhase section */

/* Begin PBXSourcesBuildPhase section */
		8A1234561234567800000023 /* Sources */ = {
			isa = PBXSourcesBuildPhase;
			buildActionMask = 2147483647;
			files = (
				6CAD13E02D8ABF29001126F0 /* AnthropicAPI.swift in Sources */,
				8A1234561234567800000002 /* ContentView.swift in Sources */,
				8A1234561234567800000001 /* AppDelegate.swift in Sources */,
				8A1234561234567800000004 /* ScreenshotManager.swift in Sources */,
				8A1234561234567800000005 /* main.swift in Sources */,
			);
			runOnlyForDeploymentPostprocessing = 0;
		};
/* End PBXSourcesBuildPhase section */

/* Begin XCBuildConfiguration section */
		8A1234561234567800000027 /* Debug */ = {
			isa = XCBuildConfiguration;
			buildSettings = {
				ALWAYS_SEARCH_USER_PATHS = NO;
				CLANG_ANALYZER_NONNULL = YES;
				CLANG_ANALYZER_NUMBER_OBJECT_CONVERSION = YES_AGGRESSIVE;
				CLANG_CXX_LANGUAGE_STANDARD = "gnu++17";
				CLANG_CXX_LIBRARY = "libc++";
				CLANG_ENABLE_MODULES = YES;
				CLANG_ENABLE_OBJC_ARC = YES;
				CLANG_ENABLE_OBJC_WEAK = YES;
				CLANG_WARN_BLOCK_CAPTURE_AUTORELEASING = YES;
				CLANG_WARN_BOOL_CONVERSION = YES;
				CLANG_WARN_COMMA = YES;
				CLANG_WARN_CONSTANT_CONVERSION = YES;
				CLANG_WARN_DEPRECATED_OBJC_IMPLEMENTATIONS = YES;
				CLANG_WARN_DIRECT_OBJC_ISA_USAGE = YES_ERROR;
				CLANG_WARN_DOCUMENTATION_COMMENTS = YES;
				CLANG_WARN_EMPTY_BODY = YES;
				CLANG_WARN_ENUM_CONVERSION = YES;
				CLANG_WARN_INFINITE_RECURSION = YES;
				CLANG_WARN_INT_CONVERSION = YES;
				CLANG_WARN_NON_LITERAL_NULL_CONVERSION = YES;
				CLANG_WARN_OBJC_IMPLICIT_RETAIN_SELF = YES;
				CLANG_WARN_OBJC_LITERAL_CONVERSION = YES;
				CLANG_WARN_OBJC_ROOT_CLASS = YES_ERROR;
				CLANG_WARN_QUOTED_INCLUDE_IN_FRAMEWORK_HEADER = YES;
				CLANG_WARN_RANGE_LOOP_ANALYSIS = YES;
				CLANG_WARN_STRICT_PROTOTYPES = YES;
				CLANG_WARN_SUSPICIOUS_MOVE = YES;
				CLANG_WARN_UNGUARDED_AVAILABILITY = YES_AGGRESSIVE;
				CLANG_WARN_UNREACHABLE_CODE = YES;
				CLANG_WARN__DUPLICATE_METHOD_MATCH = YES;
				COPY_PHASE_STRIP = NO;
				DEBUG_INFORMATION_FORMAT = dwarf;
				ENABLE_STRICT_OBJC_MSGSEND = YES;
				ENABLE_TESTABILITY = YES;
				GCC_C_LANGUAGE_STANDARD = gnu11;
				GCC_DYNAMIC_NO_PIC = NO;
				GCC_NO_COMMON_BLOCKS = YES;
				GCC_OPTIMIZATION_LEVEL = 0;
				GCC_PREPROCESSOR_DEFINITIONS = (
					"DEBUG=1",
					"$(inherited)",
				);
				GCC_WARN_64_TO_32_BIT_CONVERSION = YES;
				GCC_WARN_ABOUT_RETURN_TYPE = YES_ERROR;
				GCC_WARN_UNDECLARED_SELECTOR = YES;
				GCC_WARN_UNINITIALIZED_AUTOS = YES_AGGRESSIVE;
				GCC_WARN_UNUSED_FUNCTION = YES;
				GCC_WARN_UNUSED_VARIABLE = YES;
				MACOSX_DEPLOYMENT_TARGET = 12.0;
				MTL_ENABLE_DEBUG_INFO = INCLUDE_SOURCE;
				MTL_FAST_MATH = YES;
				ONLY_ACTIVE_ARCH = YES;
				SDKROOT = macosx;
				SWIFT_ACTIVE_COMPILATION_CONDITIONS = DEBUG;
				SWIFT_OPTIMIZATION_LEVEL = "-Onone";
			};
			name = Debug;
		};
		8A1234561234567800000028 /* Release */ = {
			isa = XCBuildConfiguration;
			buildSettings = {
				ALWAYS_SEARCH_USER_PATHS = NO;
				CLANG_ANALYZER_NONNULL = YES;
				CLANG_ANALYZER_NUMBER_OBJECT_CONVERSION = YES_AGGRESSIVE;
				CLANG_CXX_LANGUAGE_STANDARD = "gnu++17";
				CLANG_CXX_LIBRARY = "libc++";
				CLANG_ENABLE_MODULES = YES;
				CLANG_ENABLE_OBJC_ARC = YES;
				CLANG_ENABLE_OBJC_WEAK = YES;
				CLANG_WARN_BLOCK_CAPTURE_AUTORELEASING = YES;
				CLANG_WARN_BOOL_CONVERSION = YES;
				CLANG_WARN_COMMA = YES;
				CLANG_WARN_CONSTANT_CONVERSION = YES;
				CLANG_WARN_DEPRECATED_OBJC_IMPLEMENTATIONS = YES;
				CLANG_WARN_DIRECT_OBJC_ISA_USAGE = YES_ERROR;
				CLANG_WARN_DOCUMENTATION_COMMENTS = YES;
				CLANG_WARN_EMPTY_BODY = YES;
				CLANG_WARN_ENUM_CONVERSION = YES;
				CLANG_WARN_INFINITE_RECURSION = YES;
				CLANG_WARN_INT_CONVERSION = YES;
				CLANG_WARN_NON_LITERAL_NULL_CONVERSION = YES;
				CLANG_WARN_OBJC_IMPLICIT_RETAIN_SELF = YES;
				CLANG_WARN_OBJC_LITERAL_CONVERSION = YES;
				CLANG_WARN_OBJC_ROOT_CLASS = YES_ERROR;
				CLANG_WARN_QUOTED_INCLUDE_IN_FRAMEWORK_HEADER = YES;
				CLANG_WARN_RANGE_LOOP_ANALYSIS = YES;
				CLANG_WARN_STRICT_PROTOTYPES = YES;
				CLANG_WARN_SUSPICIOUS_MOVE = YES;
				CLANG_WARN_UNGUARDED_AVAILABILITY = YES_AGGRESSIVE;
				CLANG_WARN_UNREACHABLE_CODE = YES;
				CLANG_WARN__DUPLICATE_METHOD_MATCH = YES;
				COPY_PHASE_STRIP = NO;
				DEBUG_INFORMATION_FORMAT = "dwarf-with-dsym";
				ENABLE_NS_ASSERTIONS = NO;
				ENABLE_STRICT_OBJC_MSGSEND = YES;
				GCC_C_LANGUAGE_STANDARD = gnu11;
				GCC_NO_COMMON_BLOCKS = YES;
				GCC_WARN_64_TO_32_BIT_CONVERSION = YES;
				GCC_WARN_ABOUT_RETURN_TYPE = YES_ERROR;
				GCC_WARN_UNDECLARED_SELECTOR = YES;
				GCC_WARN_UNINITIALIZED_AUTOS = YES_AGGRESSIVE;
				GCC_WARN_UNUSED_FUNCTION = YES;
				GCC_WARN_UNUSED_VARIABLE = YES;
				MACOSX_DEPLOYMENT_TARGET = 12.0;
				MTL_ENABLE_DEBUG_INFO = NO;
				MTL_FAST_MATH = YES;
				SDKROOT = macosx;
				SWIFT_COMPILATION_MODE = wholemodule;
				SWIFT_OPTIMIZATION_LEVEL = "-O";
			};
			name = Release;
		};
		8A1234561234567800000029 /* Debug */ = {
			isa = XCBuildConfiguration;
			buildSettings = {
				ASSETCATALOG_COMPILER_APPICON_NAME = AppIcon;
				ASSETCATALOG_COMPILER_GLOBAL_ACCENT_COLOR_NAME = AccentColor;
				CODE_SIGN_ENTITLEMENTS = SophosScreenshot/SophosScreenshot.entitlements;
				CODE_SIGN_STYLE = Automatic;
				COMBINE_HIDPI_IMAGES = YES;
				CURRENT_PROJECT_VERSION = 1;
				DEVELOPMENT_TEAM = N22Q5724R7;
				GENERATE_INFOPLIST_FILE = YES;
				INFOPLIST_FILE = SophosScreenshot/Info.plist;
				INFOPLIST_KEY_NSHumanReadableCopyright = "";
				INFOPLIST_KEY_NSPrincipalClass = NSApplication;
				LD_RUNPATH_SEARCH_PATHS = (
					"$(inherited)",
					"@executable_path/../Frameworks",
				);
				MARKETING_VERSION = 1.0;
				PRODUCT_BUNDLE_IDENTIFIER = com.example.SophosScreenshot;
				PRODUCT_NAME = "$(TARGET_NAME)";
				SWIFT_EMIT_LOC_STRINGS = YES;
				SWIFT_VERSION = 5.0;
			};
			name = Debug;
		};
		8A1234561234567800000030 /* Release */ = {
			isa = XCBuildConfiguration;
			buildSettings = {
				ASSETCATALOG_COMPILER_APPICON_NAME = AppIcon;
				ASSETCATALOG_COMPILER_GLOBAL_ACCENT_COLOR_NAME = AccentColor;
				CODE_SIGN_ENTITLEMENTS = SophosScreenshot/SophosScreenshot.entitlements;
				CODE_SIGN_STYLE = Automatic;
				COMBINE_HIDPI_IMAGES = YES;
				CURRENT_PROJECT_VERSION = 1;
				DEVELOPMENT_TEAM = N22Q5724R7;
				GENERATE_INFOPLIST_FILE = YES;
				INFOPLIST_FILE = SophosScreenshot/Info.plist;
				INFOPLIST_KEY_NSHumanReadableCopyright = "";
				INFOPLIST_KEY_NSPrincipalClass = NSApplication;
				LD_RUNPATH_SEARCH_PATHS = (
					"$(inherited)",
					"@executable_path/../Frameworks",
				);
				MARKETING_VERSION = 1.0;
				PRODUCT_BUNDLE_IDENTIFIER = com.example.SophosScreenshot;
				PRODUCT_NAME = "$(TARGET_NAME)";
				SWIFT_EMIT_LOC_STRINGS = YES;
				SWIFT_VERSION = 5.0;
			};
			name = Release;
		};
/* End XCBuildConfiguration section */

/* Begin XCConfigurationList section */
		8A1234561234567800000022 /* Build configuration list for PBXNativeTarget "SophosScreenshot" */ = {
			isa = XCConfigurationList;
			buildConfigurations = (
				8A1234561234567800000029 /* Debug */,
				8A1234561234567800000030 /* Release */,
			);
			defaultConfigurationIsVisible = 0;
			defaultConfigurationName = Release;
		};
		8A1234561234567800000026 /* Build configuration list for PBXProject "SophosScreenshot" */ = {
			isa = XCConfigurationList;
			buildConfigurations = (
				8A1234561234567800000027 /* Debug */,
				8A1234561234567800000028 /* Release */,
			);
			defaultConfigurationIsVisible = 0;
			defaultConfigurationName = Release;
		};
/* End XCConfigurationList section */

/* Begin XCRemoteSwiftPackageReference section */
		6CAD13D92D8A84F5001126F0 /* XCRemoteSwiftPackageReference "SwiftAnthropic" */ = {
			isa = XCRemoteSwiftPackageReference;
			repositoryURL = "https://github.com/jamesrochabrun/SwiftAnthropic";
			requirement = {
				kind = upToNextMajorVersion;
				minimumVersion = 1.4.0;
			};
		};
/* End XCRemoteSwiftPackageReference section */

/* Begin XCSwiftPackageProductDependency section */
		6CAD13DA2D8A84F5001126F0 /* SwiftAnthropic */ = {
			isa = XCSwiftPackageProductDependency;
			package = 6CAD13D92D8A84F5001126F0 /* XCRemoteSwiftPackageReference "SwiftAnthropic" */;
			productName = SwiftAnthropic;
		};
/* End XCSwiftPackageProductDependency section */
	};
	rootObject = 8A1234561234567800000025 /* Project object */;
}
